Microsoft Visual Studio Solution File, Format Version 12.00
# Visual Studio Version 17
VisualStudioVersion = 17.5.2.0
MinimumVisualStudioVersion = 10.0.40219.1
Project("{FAE04EC0-301F-11D3-BF4B-00C04F79EFBC}") = "SportsClub", "SportsClub.csproj", "{ECBE1E0E-3C2E-F862-B70A-DEE4B50DDAE1}"
EndProject
Global
	GlobalSection(SolutionConfigurationPlatforms) = preSolution
		Debug|Any CPU = Debug|Any CPU
		Release|Any CPU = Release|Any CPU
	EndGlobalSection
	GlobalSection(ProjectConfigurationPlatforms) = postSolution
		{ECBE1E0E-3C2E-F862-B70A-DEE4B50DDAE1}.Debug|Any CPU.ActiveCfg = Debug|Any CPU
		{ECBE1E0E-3C2E-F862-B70A-DEE4B50DDAE1}.Debug|Any CPU.Build.0 = Debug|Any CPU
		{ECBE1E0E-3C2E-F862-B70A-DEE4B50DDAE1}.Release|Any CPU.ActiveCfg = Release|Any CPU
		{ECBE1E0E-3C2E-F862-B70A-DEE4B50DDAE1}.Release|Any CPU.Build.0 = Release|Any CPU
	EndGlobalSection
	GlobalSection(SolutionProperties) = preSolution
		HideSolutionNode = FALSE
	EndGlobalSection
	GlobalSection(ExtensibilityGlobals) = postSolution
		SolutionGuid = {803C313D-1545-497E-8FF2-6770706053CD}
	EndGlobalSection
EndGlobal
